
Microsoft Visual Studio Solution File, Format Version 12.00
# Visual Studio Version 17
VisualStudioVersion = 17.13.35818.85 d17.13
MinimumVisualStudioVersion = 10.0.40219.1
Project("{FAE04EC0-301F-11D3-BF4B-00C04F79EFBC}") = "SqlTests", "SqlTests\SqlTests.csproj", "{3E700242-C8F4-4EA4-80EB-3955847FB139}"
EndProject
Project("{FAE04EC0-301F-11D3-BF4B-00C04F79EFBC}") = "Sql", "..\..\src\Sql.csproj", "{6782BAEC-FB62-2EA3-F566-10D98192EAB0}"
EndProject
Global
	GlobalSection(SolutionConfigurationPlatforms) = preSolution
		Debug|Any CPU = Debug|Any CPU
		Release|Any CPU = Release|Any CPU
	EndGlobalSection
	GlobalSection(ProjectConfigurationPlatforms) = postSolution
		{3E700242-C8F4-4EA4-80EB-3955847FB139}.Debug|Any CPU.ActiveCfg = Debug|Any CPU
		{3E700242-C8F4-4EA4-80EB-3955847FB139}.Debug|Any CPU.Build.0 = Debug|Any CPU
		{3E700242-C8F4-4EA4-80EB-3955847FB139}.Release|Any CPU.ActiveCfg = Release|Any CPU
		{3E700242-C8F4-4EA4-80EB-3955847FB139}.Release|Any CPU.Build.0 = Release|Any CPU
		{6782BAEC-FB62-2EA3-F566-10D98192EAB0}.Debug|Any CPU.ActiveCfg = Debug|Any CPU
		{6782BAEC-FB62-2EA3-F566-10D98192EAB0}.Debug|Any CPU.Build.0 = Debug|Any CPU
		{6782BAEC-FB62-2EA3-F566-10D98192EAB0}.Release|Any CPU.ActiveCfg = Release|Any CPU
		{6782BAEC-FB62-2EA3-F566-10D98192EAB0}.Release|Any CPU.Build.0 = Release|Any CPU
	EndGlobalSection
	GlobalSection(SolutionProperties) = preSolution
		HideSolutionNode = FALSE
	EndGlobalSection
	GlobalSection(ExtensibilityGlobals) = postSolution
		SolutionGuid = {A2F25278-68B4-4D44-8AEF-14F3A1EDDCC0}
	EndGlobalSection
EndGlobal
