
Microsoft Visual Studio Solution File, Format Version 12.00
# Visual Studio Version 17
VisualStudioVersion = 17.10.34928.147
MinimumVisualStudioVersion = 10.0.40219.1
Project("{9A19103F-16F7-4668-BE54-9A1E7A4F7556}") = "SqlTests", "SqlTests\SqlTests.csproj", "{37BB6827-4C39-4801-89F8-8FED0B7D0C10}"
EndProject
Project("{9A19103F-16F7-4668-BE54-9A1E7A4F7556}") = "UkrGuru.Sql", "..\src\UkrGuru.Sql\UkrGuru.Sql.csproj", "{F491671A-CEA1-4247-A286-3BB73F7A1F54}"
EndProject
Global
	GlobalSection(SolutionConfigurationPlatforms) = preSolution
		Debug|Any CPU = Debug|Any CPU
		Release|Any CPU = Release|Any CPU
	EndGlobalSection
	GlobalSection(ProjectConfigurationPlatforms) = postSolution
		{37BB6827-4C39-4801-89F8-8FED0B7D0C10}.Debug|Any CPU.ActiveCfg = Debug|Any CPU
		{37BB6827-4C39-4801-89F8-8FED0B7D0C10}.Debug|Any CPU.Build.0 = Debug|Any CPU
		{37BB6827-4C39-4801-89F8-8FED0B7D0C10}.Release|Any CPU.ActiveCfg = Release|Any CPU
		{37BB6827-4C39-4801-89F8-8FED0B7D0C10}.Release|Any CPU.Build.0 = Release|Any CPU
		{F491671A-CEA1-4247-A286-3BB73F7A1F54}.Debug|Any CPU.ActiveCfg = Debug|Any CPU
		{F491671A-CEA1-4247-A286-3BB73F7A1F54}.Debug|Any CPU.Build.0 = Debug|Any CPU
		{F491671A-CEA1-4247-A286-3BB73F7A1F54}.Release|Any CPU.ActiveCfg = Release|Any CPU
		{F491671A-CEA1-4247-A286-3BB73F7A1F54}.Release|Any CPU.Build.0 = Release|Any CPU
	EndGlobalSection
	GlobalSection(SolutionProperties) = preSolution
		HideSolutionNode = FALSE
	EndGlobalSection
	GlobalSection(ExtensibilityGlobals) = postSolution
		SolutionGuid = {6E71E549-C9C8-4CE4-A368-42AC49527FE9}
	EndGlobalSection
EndGlobal
