
Microsoft Visual Studio Solution File, Format Version 12.00
# Visual Studio Version 17
VisualStudioVersion = 17.13.35806.99 d17.13
MinimumVisualStudioVersion = 10.0.40219.1
Project("{FAE04EC0-301F-11D3-BF4B-00C04F79EFBC}") = "ResultsDemo", "ResultsDemo\ResultsDemo.csproj", "{8A74425C-C734-4B68-BCFC-832418127089}"
EndProject
Global
	GlobalSection(SolutionConfigurationPlatforms) = preSolution
		Debug|Any CPU = Debug|Any CPU
		Release|Any CPU = Release|Any CPU
	EndGlobalSection
	GlobalSection(ProjectConfigurationPlatforms) = postSolution
		{8A74425C-C734-4B68-BCFC-832418127089}.Debug|Any CPU.ActiveCfg = Debug|Any CPU
		{8A74425C-C734-4B68-BCFC-832418127089}.Debug|Any CPU.Build.0 = Debug|Any CPU
		{8A74425C-C734-4B68-BCFC-832418127089}.Release|Any CPU.ActiveCfg = Release|Any CPU
		{8A74425C-C734-4B68-BCFC-832418127089}.Release|Any CPU.Build.0 = Release|Any CPU
	EndGlobalSection
	GlobalSection(SolutionProperties) = preSolution
		HideSolutionNode = FALSE
	EndGlobalSection
	GlobalSection(ExtensibilityGlobals) = postSolution
		SolutionGuid = {C019C3CA-BC78-4CB0-B9D8-78667CAD060F}
	EndGlobalSection
EndGlobal
