
Microsoft Visual Studio Solution File, Format Version 12.00
# Visual Studio Version 17
VisualStudioVersion = 17.10.35013.160
MinimumVisualStudioVersion = 10.0.40219.1
Project("{FAE04EC0-301F-11D3-BF4B-00C04F79EFBC}") = "Bench1", "Bench1\Bench1.csproj", "{DC34BE5A-2701-414C-892B-FE5913037CBE}"
EndProject
Project("{9A19103F-16F7-4668-BE54-9A1E7A4F7556}") = "UkrGuru.Sql", "..\..\..\src\UkrGuru.Sql\UkrGuru.Sql.csproj", "{B3A252F7-CC07-405E-834E-051FA9326DB9}"
EndProject
Global
	GlobalSection(SolutionConfigurationPlatforms) = preSolution
		Debug|Any CPU = Debug|Any CPU
		Release|Any CPU = Release|Any CPU
	EndGlobalSection
	GlobalSection(ProjectConfigurationPlatforms) = postSolution
		{DC34BE5A-2701-414C-892B-FE5913037CBE}.Debug|Any CPU.ActiveCfg = Debug|Any CPU
		{DC34BE5A-2701-414C-892B-FE5913037CBE}.Debug|Any CPU.Build.0 = Debug|Any CPU
		{DC34BE5A-2701-414C-892B-FE5913037CBE}.Release|Any CPU.ActiveCfg = Release|Any CPU
		{DC34BE5A-2701-414C-892B-FE5913037CBE}.Release|Any CPU.Build.0 = Release|Any CPU
		{B3A252F7-CC07-405E-834E-051FA9326DB9}.Debug|Any CPU.ActiveCfg = Debug|Any CPU
		{B3A252F7-CC07-405E-834E-051FA9326DB9}.Debug|Any CPU.Build.0 = Debug|Any CPU
		{B3A252F7-CC07-405E-834E-051FA9326DB9}.Release|Any CPU.ActiveCfg = Release|Any CPU
		{B3A252F7-CC07-405E-834E-051FA9326DB9}.Release|Any CPU.Build.0 = Release|Any CPU
	EndGlobalSection
	GlobalSection(SolutionProperties) = preSolution
		HideSolutionNode = FALSE
	EndGlobalSection
	GlobalSection(ExtensibilityGlobals) = postSolution
		SolutionGuid = {D3A133B6-33C8-42FE-9700-2B08DC9C7818}
	EndGlobalSection
EndGlobal
